
Microsoft Visual Studio Solution File, Format Version 12.00
# Visual Studio 15
VisualStudioVersion = 15.0.28307.271
MinimumVisualStudioVersion = 10.0.40219.1
Project("{FAE04EC0-301F-11D3-BF4B-00C04F79EFBC}") = "LayoutApp.Android", "LayoutApp\LayoutApp.Android\LayoutApp.Android.csproj", "{78E00852-8713-4AB5-9F1D-7E689FA53BE9}"
EndProject
Project("{FAE04EC0-301F-11D3-BF4B-00C04F79EFBC}") = "LayoutApp.iOS", "LayoutApp\LayoutApp.iOS\LayoutApp.iOS.csproj", "{4A496FFF-8323-405D-8040-858C8AA694DE}"
EndProject
Project("{FAE04EC0-301F-11D3-BF4B-00C04F79EFBC}") = "LayoutApp", "LayoutApp\LayoutApp\LayoutApp.csproj", "{DB8D8BD1-D2D3-41D3-8A3D-EDB503752B2A}"
EndProject
Global
	GlobalSection(SolutionConfigurationPlatforms) = preSolution
		Ad-Hoc|Any CPU = Ad-Hoc|Any CPU
		Ad-Hoc|iPhone = Ad-Hoc|iPhone
		Ad-Hoc|iPhoneSimulator = Ad-Hoc|iPhoneSimulator
		AppStore|Any CPU = AppStore|Any CPU
		AppStore|iPhone = AppStore|iPhone
		AppStore|iPhoneSimulator = AppStore|iPhoneSimulator
		Debug|Any CPU = Debug|Any CPU
		Debug|iPhone = Debug|iPhone
		Debug|iPhoneSimulator = Debug|iPhoneSimulator
		Release|Any CPU = Release|Any CPU
		Release|iPhone = Release|iPhone
		Release|iPhoneSimulator = Release|iPhoneSimulator
	EndGlobalSection
	GlobalSection(ProjectConfigurationPlatforms) = postSolution
		{78E00852-8713-4AB5-9F1D-7E689FA53BE9}.Ad-Hoc|Any CPU.ActiveCfg = Release|Any CPU
		{78E00852-8713-4AB5-9F1D-7E689FA53BE9}.Ad-Hoc|Any CPU.Build.0 = Release|Any CPU
		{78E00852-8713-4AB5-9F1D-7E689FA53BE9}.Ad-Hoc|Any CPU.Deploy.0 = Release|Any CPU
		{78E00852-8713-4AB5-9F1D-7E689FA53BE9}.Ad-Hoc|iPhone.ActiveCfg = Release|Any CPU
		{78E00852-8713-4AB5-9F1D-7E689FA53BE9}.Ad-Hoc|iPhone.Build.0 = Release|Any CPU
		{78E00852-8713-4AB5-9F1D-7E689FA53BE9}.Ad-Hoc|iPhone.Deploy.0 = Release|Any CPU
		{78E00852-8713-4AB5-9F1D-7E689FA53BE9}.Ad-Hoc|iPhoneSimulator.ActiveCfg = Release|Any CPU
		{78E00852-8713-4AB5-9F1D-7E689FA53BE9}.Ad-Hoc|iPhoneSimulator.Build.0 = Release|Any CPU
		{78E00852-8713-4AB5-9F1D-7E689FA53BE9}.Ad-Hoc|iPhoneSimulator.Deploy.0 = Release|Any CPU
		{78E00852-8713-4AB5-9F1D-7E689FA53BE9}.AppStore|Any CPU.ActiveCfg = Release|Any CPU
		{78E00852-8713-4AB5-9F1D-7E689FA53BE9}.AppStore|Any CPU.Build.0 = Release|Any CPU
		{78E00852-8713-4AB5-9F1D-7E689FA53BE9}.AppStore|Any CPU.Deploy.0 = Release|Any CPU
		{78E00852-8713-4AB5-9F1D-7E689FA53BE9}.AppStore|iPhone.ActiveCfg = Release|Any CPU
		{78E00852-8713-4AB5-9F1D-7E689FA53BE9}.AppStore|iPhone.Build.0 = Release|Any CPU
		{78E00852-8713-4AB5-9F1D-7E689FA53BE9}.AppStore|iPhone.Deploy.0 = Release|Any CPU
		{78E00852-8713-4AB5-9F1D-7E689FA53BE9}.AppStore|iPhoneSimulator.ActiveCfg = Release|Any CPU
		{78E00852-8713-4AB5-9F1D-7E689FA53BE9}.AppStore|iPhoneSimulator.Build.0 = Release|Any CPU
		{78E00852-8713-4AB5-9F1D-7E689FA53BE9}.AppStore|iPhoneSimulator.Deploy.0 = Release|Any CPU
		{78E00852-8713-4AB5-9F1D-7E689FA53BE9}.Debug|Any CPU.ActiveCfg = Debug|Any CPU
		{78E00852-8713-4AB5-9F1D-7E689FA53BE9}.Debug|Any CPU.Build.0 = Debug|Any CPU
		{78E00852-8713-4AB5-9F1D-7E689FA53BE9}.Debug|Any CPU.Deploy.0 = Debug|Any CPU
		{78E00852-8713-4AB5-9F1D-7E689FA53BE9}.Debug|iPhone.ActiveCfg = Debug|Any CPU
		{78E00852-8713-4AB5-9F1D-7E689FA53BE9}.Debug|iPhone.Build.0 = Debug|Any CPU
		{78E00852-8713-4AB5-9F1D-7E689FA53BE9}.Debug|iPhone.Deploy.0 = Debug|Any CPU
		{78E00852-8713-4AB5-9F1D-7E689FA53BE9}.Debug|iPhoneSimulator.ActiveCfg = Debug|Any CPU
		{78E00852-8713-4AB5-9F1D-7E689FA53BE9}.Debug|iPhoneSimulator.Build.0 = Debug|Any CPU
		{78E00852-8713-4AB5-9F1D-7E689FA53BE9}.Debug|iPhoneSimulator.Deploy.0 = Debug|Any CPU
		{78E00852-8713-4AB5-9F1D-7E689FA53BE9}.Release|Any CPU.ActiveCfg = Release|Any CPU
		{78E00852-8713-4AB5-9F1D-7E689FA53BE9}.Release|Any CPU.Build.0 = Release|Any CPU
		{78E00852-8713-4AB5-9F1D-7E689FA53BE9}.Release|Any CPU.Deploy.0 = Release|Any CPU
		{78E00852-8713-4AB5-9F1D-7E689FA53BE9}.Release|iPhone.ActiveCfg = Release|Any CPU
		{78E00852-8713-4AB5-9F1D-7E689FA53BE9}.Release|iPhone.Build.0 = Release|Any CPU
		{78E00852-8713-4AB5-9F1D-7E689FA53BE9}.Release|iPhone.Deploy.0 = Release|Any CPU
		{78E00852-8713-4AB5-9F1D-7E689FA53BE9}.Release|iPhoneSimulator.ActiveCfg = Release|Any CPU
		{78E00852-8713-4AB5-9F1D-7E689FA53BE9}.Release|iPhoneSimulator.Build.0 = Release|Any CPU
		{78E00852-8713-4AB5-9F1D-7E689FA53BE9}.Release|iPhoneSimulator.Deploy.0 = Release|Any CPU
		{4A496FFF-8323-405D-8040-858C8AA694DE}.Ad-Hoc|Any CPU.ActiveCfg = Ad-Hoc|iPhone
		{4A496FFF-8323-405D-8040-858C8AA694DE}.Ad-Hoc|Any CPU.Build.0 = Ad-Hoc|iPhone
		{4A496FFF-8323-405D-8040-858C8AA694DE}.Ad-Hoc|Any CPU.Deploy.0 = Ad-Hoc|iPhone
		{4A496FFF-8323-405D-8040-858C8AA694DE}.Ad-Hoc|iPhone.ActiveCfg = Ad-Hoc|iPhone
		{4A496FFF-8323-405D-8040-858C8AA694DE}.Ad-Hoc|iPhone.Build.0 = Ad-Hoc|iPhone
		{4A496FFF-8323-405D-8040-858C8AA694DE}.Ad-Hoc|iPhone.Deploy.0 = Ad-Hoc|iPhone
		{4A496FFF-8323-405D-8040-858C8AA694DE}.Ad-Hoc|iPhoneSimulator.ActiveCfg = Ad-Hoc|iPhoneSimulator
		{4A496FFF-8323-405D-8040-858C8AA694DE}.Ad-Hoc|iPhoneSimulator.Build.0 = Ad-Hoc|iPhoneSimulator
		{4A496FFF-8323-405D-8040-858C8AA694DE}.Ad-Hoc|iPhoneSimulator.Deploy.0 = Ad-Hoc|iPhoneSimulator
		{4A496FFF-8323-405D-8040-858C8AA694DE}.AppStore|Any CPU.ActiveCfg = AppStore|iPhone
		{4A496FFF-8323-405D-8040-858C8AA694DE}.AppStore|Any CPU.Build.0 = AppStore|iPhone
		{4A496FFF-8323-405D-8040-858C8AA694DE}.AppStore|Any CPU.Deploy.0 = AppStore|iPhone
		{4A496FFF-8323-405D-8040-858C8AA694DE}.AppStore|iPhone.ActiveCfg = AppStore|iPhone
		{4A496FFF-8323-405D-8040-858C8AA694DE}.AppStore|iPhone.Build.0 = AppStore|iPhone
		{4A496FFF-8323-405D-8040-858C8AA694DE}.AppStore|iPhone.Deploy.0 = AppStore|iPhone
		{4A496FFF-8323-405D-8040-858C8AA694DE}.AppStore|iPhoneSimulator.ActiveCfg = AppStore|iPhoneSimulator
		{4A496FFF-8323-405D-8040-858C8AA694DE}.AppStore|iPhoneSimulator.Build.0 = AppStore|iPhoneSimulator
		{4A496FFF-8323-405D-8040-858C8AA694DE}.AppStore|iPhoneSimulator.Deploy.0 = AppStore|iPhoneSimulator
		{4A496FFF-8323-405D-8040-858C8AA694DE}.Debug|Any CPU.ActiveCfg = Debug|iPhoneSimulator
		{4A496FFF-8323-405D-8040-858C8AA694DE}.Debug|Any CPU.Build.0 = Debug|iPhoneSimulator
		{4A496FFF-8323-405D-8040-858C8AA694DE}.Debug|Any CPU.Deploy.0 = Debug|iPhoneSimulator
		{4A496FFF-8323-405D-8040-858C8AA694DE}.Debug|iPhone.ActiveCfg = Debug|iPhone
		{4A496FFF-8323-405D-8040-858C8AA694DE}.Debug|iPhone.Build.0 = Debug|iPhone
		{4A496FFF-8323-405D-8040-858C8AA694DE}.Debug|iPhone.Deploy.0 = Debug|iPhone
		{4A496FFF-8323-405D-8040-858C8AA694DE}.Debug|iPhoneSimulator.ActiveCfg = Debug|iPhoneSimulator
		{4A496FFF-8323-405D-8040-858C8AA694DE}.Debug|iPhoneSimulator.Build.0 = Debug|iPhoneSimulator
		{4A496FFF-8323-405D-8040-858C8AA694DE}.Debug|iPhoneSimulator.Deploy.0 = Debug|iPhoneSimulator
		{4A496FFF-8323-405D-8040-858C8AA694DE}.Release|Any CPU.ActiveCfg = Release|iPhone
		{4A496FFF-8323-405D-8040-858C8AA694DE}.Release|Any CPU.Build.0 = Release|iPhone
		{4A496FFF-8323-405D-8040-858C8AA694DE}.Release|Any CPU.Deploy.0 = Release|iPhone
		{4A496FFF-8323-405D-8040-858C8AA694DE}.Release|iPhone.ActiveCfg = Release|iPhone
		{4A496FFF-8323-405D-8040-858C8AA694DE}.Release|iPhone.Build.0 = Release|iPhone
		{4A496FFF-8323-405D-8040-858C8AA694DE}.Release|iPhone.Deploy.0 = Release|iPhone
		{4A496FFF-8323-405D-8040-858C8AA694DE}.Release|iPhoneSimulator.ActiveCfg = Release|iPhoneSimulator
		{4A496FFF-8323-405D-8040-858C8AA694DE}.Release|iPhoneSimulator.Build.0 = Release|iPhoneSimulator
		{4A496FFF-8323-405D-8040-858C8AA694DE}.Release|iPhoneSimulator.Deploy.0 = Release|iPhoneSimulator
		{DB8D8BD1-D2D3-41D3-8A3D-EDB503752B2A}.Ad-Hoc|Any CPU.ActiveCfg = Debug|Any CPU
		{DB8D8BD1-D2D3-41D3-8A3D-EDB503752B2A}.Ad-Hoc|Any CPU.Build.0 = Debug|Any CPU
		{DB8D8BD1-D2D3-41D3-8A3D-EDB503752B2A}.Ad-Hoc|Any CPU.Deploy.0 = Debug|Any CPU
		{DB8D8BD1-D2D3-41D3-8A3D-EDB503752B2A}.Ad-Hoc|iPhone.ActiveCfg = Debug|Any CPU
		{DB8D8BD1-D2D3-41D3-8A3D-EDB503752B2A}.Ad-Hoc|iPhone.Build.0 = Debug|Any CPU
		{DB8D8BD1-D2D3-41D3-8A3D-EDB503752B2A}.Ad-Hoc|iPhone.Deploy.0 = Debug|Any CPU
		{DB8D8BD1-D2D3-41D3-8A3D-EDB503752B2A}.Ad-Hoc|iPhoneSimulator.ActiveCfg = Debug|Any CPU
		{DB8D8BD1-D2D3-41D3-8A3D-EDB503752B2A}.Ad-Hoc|iPhoneSimulator.Build.0 = Debug|Any CPU
		{DB8D8BD1-D2D3-41D3-8A3D-EDB503752B2A}.Ad-Hoc|iPhoneSimulator.Deploy.0 = Debug|Any CPU
		{DB8D8BD1-D2D3-41D3-8A3D-EDB503752B2A}.AppStore|Any CPU.ActiveCfg = Debug|Any CPU
		{DB8D8BD1-D2D3-41D3-8A3D-EDB503752B2A}.AppStore|Any CPU.Build.0 = Debug|Any CPU
		{DB8D8BD1-D2D3-41D3-8A3D-EDB503752B2A}.AppStore|Any CPU.Deploy.0 = Debug|Any CPU
		{DB8D8BD1-D2D3-41D3-8A3D-EDB503752B2A}.AppStore|iPhone.ActiveCfg = Debug|Any CPU
		{DB8D8BD1-D2D3-41D3-8A3D-EDB503752B2A}.AppStore|iPhone.Build.0 = Debug|Any CPU
		{DB8D8BD1-D2D3-41D3-8A3D-EDB503752B2A}.AppStore|iPhone.Deploy.0 = Debug|Any CPU
		{DB8D8BD1-D2D3-41D3-8A3D-EDB503752B2A}.AppStore|iPhoneSimulator.ActiveCfg = Debug|Any CPU
		{DB8D8BD1-D2D3-41D3-8A3D-EDB503752B2A}.AppStore|iPhoneSimulator.Build.0 = Debug|Any CPU
		{DB8D8BD1-D2D3-41D3-8A3D-EDB503752B2A}.AppStore|iPhoneSimulator.Deploy.0 = Debug|Any CPU
		{DB8D8BD1-D2D3-41D3-8A3D-EDB503752B2A}.Debug|Any CPU.ActiveCfg = Debug|Any CPU
		{DB8D8BD1-D2D3-41D3-8A3D-EDB503752B2A}.Debug|Any CPU.Build.0 = Debug|Any CPU
		{DB8D8BD1-D2D3-41D3-8A3D-EDB503752B2A}.Debug|Any CPU.Deploy.0 = Debug|Any CPU
		{DB8D8BD1-D2D3-41D3-8A3D-EDB503752B2A}.Debug|iPhone.ActiveCfg = Debug|Any CPU
		{DB8D8BD1-D2D3-41D3-8A3D-EDB503752B2A}.Debug|iPhone.Build.0 = Debug|Any CPU
		{DB8D8BD1-D2D3-41D3-8A3D-EDB503752B2A}.Debug|iPhone.Deploy.0 = Debug|Any CPU
		{DB8D8BD1-D2D3-41D3-8A3D-EDB503752B2A}.Debug|iPhoneSimulator.ActiveCfg = Debug|Any CPU
		{DB8D8BD1-D2D3-41D3-8A3D-EDB503752B2A}.Debug|iPhoneSimulator.Build.0 = Debug|Any CPU
		{DB8D8BD1-D2D3-41D3-8A3D-EDB503752B2A}.Debug|iPhoneSimulator.Deploy.0 = Debug|Any CPU
		{DB8D8BD1-D2D3-41D3-8A3D-EDB503752B2A}.Release|Any CPU.ActiveCfg = Release|Any CPU
		{DB8D8BD1-D2D3-41D3-8A3D-EDB503752B2A}.Release|Any CPU.Build.0 = Release|Any CPU
		{DB8D8BD1-D2D3-41D3-8A3D-EDB503752B2A}.Release|Any CPU.Deploy.0 = Release|Any CPU
		{DB8D8BD1-D2D3-41D3-8A3D-EDB503752B2A}.Release|iPhone.ActiveCfg = Release|Any CPU
		{DB8D8BD1-D2D3-41D3-8A3D-EDB503752B2A}.Release|iPhone.Build.0 = Release|Any CPU
		{DB8D8BD1-D2D3-41D3-8A3D-EDB503752B2A}.Release|iPhone.Deploy.0 = Release|Any CPU
		{DB8D8BD1-D2D3-41D3-8A3D-EDB503752B2A}.Release|iPhoneSimulator.ActiveCfg = Release|Any CPU
		{DB8D8BD1-D2D3-41D3-8A3D-EDB503752B2A}.Release|iPhoneSimulator.Build.0 = Release|Any CPU
		{DB8D8BD1-D2D3-41D3-8A3D-EDB503752B2A}.Release|iPhoneSimulator.Deploy.0 = Release|Any CPU
	EndGlobalSection
	GlobalSection(SolutionProperties) = preSolution
		HideSolutionNode = FALSE
	EndGlobalSection
	GlobalSection(ExtensibilityGlobals) = postSolution
		SolutionGuid = {ED7FA781-A562-4FB1-817D-C42FEE96B0F4}
	EndGlobalSection
EndGlobal
