
Microsoft Visual Studio Solution File, Format Version 12.00
# Visual Studio 15
VisualStudioVersion = 15.0.28307.271
MinimumVisualStudioVersion = 10.0.40219.1
Project("{FAE04EC0-301F-11D3-BF4B-00C04F79EFBC}") = "ConsultarCepApp.Android", "ConsultarCepApp\ConsultarCepApp.Android\ConsultarCepApp.Android.csproj", "{1C586F99-2894-411C-AB41-D2C2EA950849}"
EndProject
Project("{FAE04EC0-301F-11D3-BF4B-00C04F79EFBC}") = "ConsultarCepApp.iOS", "ConsultarCepApp\ConsultarCepApp.iOS\ConsultarCepApp.iOS.csproj", "{4CCC1CF3-D9E9-4395-9B30-D27445814D7A}"
EndProject
Project("{FAE04EC0-301F-11D3-BF4B-00C04F79EFBC}") = "ConsultarCepApp", "ConsultarCepApp\ConsultarCepApp\ConsultarCepApp.csproj", "{8459F058-4B71-4D49-96BE-CD7007958E9A}"
EndProject
Global
	GlobalSection(SolutionConfigurationPlatforms) = preSolution
		Ad-Hoc|Any CPU = Ad-Hoc|Any CPU
		Ad-Hoc|iPhone = Ad-Hoc|iPhone
		Ad-Hoc|iPhoneSimulator = Ad-Hoc|iPhoneSimulator
		AppStore|Any CPU = AppStore|Any CPU
		AppStore|iPhone = AppStore|iPhone
		AppStore|iPhoneSimulator = AppStore|iPhoneSimulator
		Debug|Any CPU = Debug|Any CPU
		Debug|iPhone = Debug|iPhone
		Debug|iPhoneSimulator = Debug|iPhoneSimulator
		Release|Any CPU = Release|Any CPU
		Release|iPhone = Release|iPhone
		Release|iPhoneSimulator = Release|iPhoneSimulator
	EndGlobalSection
	GlobalSection(ProjectConfigurationPlatforms) = postSolution
		{1C586F99-2894-411C-AB41-D2C2EA950849}.Ad-Hoc|Any CPU.ActiveCfg = Release|Any CPU
		{1C586F99-2894-411C-AB41-D2C2EA950849}.Ad-Hoc|Any CPU.Build.0 = Release|Any CPU
		{1C586F99-2894-411C-AB41-D2C2EA950849}.Ad-Hoc|Any CPU.Deploy.0 = Release|Any CPU
		{1C586F99-2894-411C-AB41-D2C2EA950849}.Ad-Hoc|iPhone.ActiveCfg = Release|Any CPU
		{1C586F99-2894-411C-AB41-D2C2EA950849}.Ad-Hoc|iPhone.Build.0 = Release|Any CPU
		{1C586F99-2894-411C-AB41-D2C2EA950849}.Ad-Hoc|iPhone.Deploy.0 = Release|Any CPU
		{1C586F99-2894-411C-AB41-D2C2EA950849}.Ad-Hoc|iPhoneSimulator.ActiveCfg = Release|Any CPU
		{1C586F99-2894-411C-AB41-D2C2EA950849}.Ad-Hoc|iPhoneSimulator.Build.0 = Release|Any CPU
		{1C586F99-2894-411C-AB41-D2C2EA950849}.Ad-Hoc|iPhoneSimulator.Deploy.0 = Release|Any CPU
		{1C586F99-2894-411C-AB41-D2C2EA950849}.AppStore|Any CPU.ActiveCfg = Release|Any CPU
		{1C586F99-2894-411C-AB41-D2C2EA950849}.AppStore|Any CPU.Build.0 = Release|Any CPU
		{1C586F99-2894-411C-AB41-D2C2EA950849}.AppStore|Any CPU.Deploy.0 = Release|Any CPU
		{1C586F99-2894-411C-AB41-D2C2EA950849}.AppStore|iPhone.ActiveCfg = Release|Any CPU
		{1C586F99-2894-411C-AB41-D2C2EA950849}.AppStore|iPhone.Build.0 = Release|Any CPU
		{1C586F99-2894-411C-AB41-D2C2EA950849}.AppStore|iPhone.Deploy.0 = Release|Any CPU
		{1C586F99-2894-411C-AB41-D2C2EA950849}.AppStore|iPhoneSimulator.ActiveCfg = Release|Any CPU
		{1C586F99-2894-411C-AB41-D2C2EA950849}.AppStore|iPhoneSimulator.Build.0 = Release|Any CPU
		{1C586F99-2894-411C-AB41-D2C2EA950849}.AppStore|iPhoneSimulator.Deploy.0 = Release|Any CPU
		{1C586F99-2894-411C-AB41-D2C2EA950849}.Debug|Any CPU.ActiveCfg = Debug|Any CPU
		{1C586F99-2894-411C-AB41-D2C2EA950849}.Debug|Any CPU.Build.0 = Debug|Any CPU
		{1C586F99-2894-411C-AB41-D2C2EA950849}.Debug|Any CPU.Deploy.0 = Debug|Any CPU
		{1C586F99-2894-411C-AB41-D2C2EA950849}.Debug|iPhone.ActiveCfg = Debug|Any CPU
		{1C586F99-2894-411C-AB41-D2C2EA950849}.Debug|iPhone.Build.0 = Debug|Any CPU
		{1C586F99-2894-411C-AB41-D2C2EA950849}.Debug|iPhone.Deploy.0 = Debug|Any CPU
		{1C586F99-2894-411C-AB41-D2C2EA950849}.Debug|iPhoneSimulator.ActiveCfg = Debug|Any CPU
		{1C586F99-2894-411C-AB41-D2C2EA950849}.Debug|iPhoneSimulator.Build.0 = Debug|Any CPU
		{1C586F99-2894-411C-AB41-D2C2EA950849}.Debug|iPhoneSimulator.Deploy.0 = Debug|Any CPU
		{1C586F99-2894-411C-AB41-D2C2EA950849}.Release|Any CPU.ActiveCfg = Release|Any CPU
		{1C586F99-2894-411C-AB41-D2C2EA950849}.Release|Any CPU.Build.0 = Release|Any CPU
		{1C586F99-2894-411C-AB41-D2C2EA950849}.Release|Any CPU.Deploy.0 = Release|Any CPU
		{1C586F99-2894-411C-AB41-D2C2EA950849}.Release|iPhone.ActiveCfg = Release|Any CPU
		{1C586F99-2894-411C-AB41-D2C2EA950849}.Release|iPhone.Build.0 = Release|Any CPU
		{1C586F99-2894-411C-AB41-D2C2EA950849}.Release|iPhone.Deploy.0 = Release|Any CPU
		{1C586F99-2894-411C-AB41-D2C2EA950849}.Release|iPhoneSimulator.ActiveCfg = Release|Any CPU
		{1C586F99-2894-411C-AB41-D2C2EA950849}.Release|iPhoneSimulator.Build.0 = Release|Any CPU
		{1C586F99-2894-411C-AB41-D2C2EA950849}.Release|iPhoneSimulator.Deploy.0 = Release|Any CPU
		{4CCC1CF3-D9E9-4395-9B30-D27445814D7A}.Ad-Hoc|Any CPU.ActiveCfg = Ad-Hoc|iPhone
		{4CCC1CF3-D9E9-4395-9B30-D27445814D7A}.Ad-Hoc|Any CPU.Build.0 = Ad-Hoc|iPhone
		{4CCC1CF3-D9E9-4395-9B30-D27445814D7A}.Ad-Hoc|Any CPU.Deploy.0 = Ad-Hoc|iPhone
		{4CCC1CF3-D9E9-4395-9B30-D27445814D7A}.Ad-Hoc|iPhone.ActiveCfg = Ad-Hoc|iPhone
		{4CCC1CF3-D9E9-4395-9B30-D27445814D7A}.Ad-Hoc|iPhone.Build.0 = Ad-Hoc|iPhone
		{4CCC1CF3-D9E9-4395-9B30-D27445814D7A}.Ad-Hoc|iPhone.Deploy.0 = Ad-Hoc|iPhone
		{4CCC1CF3-D9E9-4395-9B30-D27445814D7A}.Ad-Hoc|iPhoneSimulator.ActiveCfg = Ad-Hoc|iPhoneSimulator
		{4CCC1CF3-D9E9-4395-9B30-D27445814D7A}.Ad-Hoc|iPhoneSimulator.Build.0 = Ad-Hoc|iPhoneSimulator
		{4CCC1CF3-D9E9-4395-9B30-D27445814D7A}.Ad-Hoc|iPhoneSimulator.Deploy.0 = Ad-Hoc|iPhoneSimulator
		{4CCC1CF3-D9E9-4395-9B30-D27445814D7A}.AppStore|Any CPU.ActiveCfg = AppStore|iPhone
		{4CCC1CF3-D9E9-4395-9B30-D27445814D7A}.AppStore|Any CPU.Build.0 = AppStore|iPhone
		{4CCC1CF3-D9E9-4395-9B30-D27445814D7A}.AppStore|Any CPU.Deploy.0 = AppStore|iPhone
		{4CCC1CF3-D9E9-4395-9B30-D27445814D7A}.AppStore|iPhone.ActiveCfg = AppStore|iPhone
		{4CCC1CF3-D9E9-4395-9B30-D27445814D7A}.AppStore|iPhone.Build.0 = AppStore|iPhone
		{4CCC1CF3-D9E9-4395-9B30-D27445814D7A}.AppStore|iPhone.Deploy.0 = AppStore|iPhone
		{4CCC1CF3-D9E9-4395-9B30-D27445814D7A}.AppStore|iPhoneSimulator.ActiveCfg = AppStore|iPhoneSimulator
		{4CCC1CF3-D9E9-4395-9B30-D27445814D7A}.AppStore|iPhoneSimulator.Build.0 = AppStore|iPhoneSimulator
		{4CCC1CF3-D9E9-4395-9B30-D27445814D7A}.AppStore|iPhoneSimulator.Deploy.0 = AppStore|iPhoneSimulator
		{4CCC1CF3-D9E9-4395-9B30-D27445814D7A}.Debug|Any CPU.ActiveCfg = Debug|iPhoneSimulator
		{4CCC1CF3-D9E9-4395-9B30-D27445814D7A}.Debug|Any CPU.Build.0 = Debug|iPhoneSimulator
		{4CCC1CF3-D9E9-4395-9B30-D27445814D7A}.Debug|Any CPU.Deploy.0 = Debug|iPhoneSimulator
		{4CCC1CF3-D9E9-4395-9B30-D27445814D7A}.Debug|iPhone.ActiveCfg = Debug|iPhone
		{4CCC1CF3-D9E9-4395-9B30-D27445814D7A}.Debug|iPhone.Build.0 = Debug|iPhone
		{4CCC1CF3-D9E9-4395-9B30-D27445814D7A}.Debug|iPhone.Deploy.0 = Debug|iPhone
		{4CCC1CF3-D9E9-4395-9B30-D27445814D7A}.Debug|iPhoneSimulator.ActiveCfg = Debug|iPhoneSimulator
		{4CCC1CF3-D9E9-4395-9B30-D27445814D7A}.Debug|iPhoneSimulator.Build.0 = Debug|iPhoneSimulator
		{4CCC1CF3-D9E9-4395-9B30-D27445814D7A}.Debug|iPhoneSimulator.Deploy.0 = Debug|iPhoneSimulator
		{4CCC1CF3-D9E9-4395-9B30-D27445814D7A}.Release|Any CPU.ActiveCfg = Release|iPhone
		{4CCC1CF3-D9E9-4395-9B30-D27445814D7A}.Release|Any CPU.Build.0 = Release|iPhone
		{4CCC1CF3-D9E9-4395-9B30-D27445814D7A}.Release|Any CPU.Deploy.0 = Release|iPhone
		{4CCC1CF3-D9E9-4395-9B30-D27445814D7A}.Release|iPhone.ActiveCfg = Release|iPhone
		{4CCC1CF3-D9E9-4395-9B30-D27445814D7A}.Release|iPhone.Build.0 = Release|iPhone
		{4CCC1CF3-D9E9-4395-9B30-D27445814D7A}.Release|iPhone.Deploy.0 = Release|iPhone
		{4CCC1CF3-D9E9-4395-9B30-D27445814D7A}.Release|iPhoneSimulator.ActiveCfg = Release|iPhoneSimulator
		{4CCC1CF3-D9E9-4395-9B30-D27445814D7A}.Release|iPhoneSimulator.Build.0 = Release|iPhoneSimulator
		{4CCC1CF3-D9E9-4395-9B30-D27445814D7A}.Release|iPhoneSimulator.Deploy.0 = Release|iPhoneSimulator
		{8459F058-4B71-4D49-96BE-CD7007958E9A}.Ad-Hoc|Any CPU.ActiveCfg = Debug|Any CPU
		{8459F058-4B71-4D49-96BE-CD7007958E9A}.Ad-Hoc|Any CPU.Build.0 = Debug|Any CPU
		{8459F058-4B71-4D49-96BE-CD7007958E9A}.Ad-Hoc|Any CPU.Deploy.0 = Debug|Any CPU
		{8459F058-4B71-4D49-96BE-CD7007958E9A}.Ad-Hoc|iPhone.ActiveCfg = Debug|Any CPU
		{8459F058-4B71-4D49-96BE-CD7007958E9A}.Ad-Hoc|iPhone.Build.0 = Debug|Any CPU
		{8459F058-4B71-4D49-96BE-CD7007958E9A}.Ad-Hoc|iPhone.Deploy.0 = Debug|Any CPU
		{8459F058-4B71-4D49-96BE-CD7007958E9A}.Ad-Hoc|iPhoneSimulator.ActiveCfg = Debug|Any CPU
		{8459F058-4B71-4D49-96BE-CD7007958E9A}.Ad-Hoc|iPhoneSimulator.Build.0 = Debug|Any CPU
		{8459F058-4B71-4D49-96BE-CD7007958E9A}.Ad-Hoc|iPhoneSimulator.Deploy.0 = Debug|Any CPU
		{8459F058-4B71-4D49-96BE-CD7007958E9A}.AppStore|Any CPU.ActiveCfg = Debug|Any CPU
		{8459F058-4B71-4D49-96BE-CD7007958E9A}.AppStore|Any CPU.Build.0 = Debug|Any CPU
		{8459F058-4B71-4D49-96BE-CD7007958E9A}.AppStore|Any CPU.Deploy.0 = Debug|Any CPU
		{8459F058-4B71-4D49-96BE-CD7007958E9A}.AppStore|iPhone.ActiveCfg = Debug|Any CPU
		{8459F058-4B71-4D49-96BE-CD7007958E9A}.AppStore|iPhone.Build.0 = Debug|Any CPU
		{8459F058-4B71-4D49-96BE-CD7007958E9A}.AppStore|iPhone.Deploy.0 = Debug|Any CPU
		{8459F058-4B71-4D49-96BE-CD7007958E9A}.AppStore|iPhoneSimulator.ActiveCfg = Debug|Any CPU
		{8459F058-4B71-4D49-96BE-CD7007958E9A}.AppStore|iPhoneSimulator.Build.0 = Debug|Any CPU
		{8459F058-4B71-4D49-96BE-CD7007958E9A}.AppStore|iPhoneSimulator.Deploy.0 = Debug|Any CPU
		{8459F058-4B71-4D49-96BE-CD7007958E9A}.Debug|Any CPU.ActiveCfg = Debug|Any CPU
		{8459F058-4B71-4D49-96BE-CD7007958E9A}.Debug|Any CPU.Build.0 = Debug|Any CPU
		{8459F058-4B71-4D49-96BE-CD7007958E9A}.Debug|Any CPU.Deploy.0 = Debug|Any CPU
		{8459F058-4B71-4D49-96BE-CD7007958E9A}.Debug|iPhone.ActiveCfg = Debug|Any CPU
		{8459F058-4B71-4D49-96BE-CD7007958E9A}.Debug|iPhone.Build.0 = Debug|Any CPU
		{8459F058-4B71-4D49-96BE-CD7007958E9A}.Debug|iPhone.Deploy.0 = Debug|Any CPU
		{8459F058-4B71-4D49-96BE-CD7007958E9A}.Debug|iPhoneSimulator.ActiveCfg = Debug|Any CPU
		{8459F058-4B71-4D49-96BE-CD7007958E9A}.Debug|iPhoneSimulator.Build.0 = Debug|Any CPU
		{8459F058-4B71-4D49-96BE-CD7007958E9A}.Debug|iPhoneSimulator.Deploy.0 = Debug|Any CPU
		{8459F058-4B71-4D49-96BE-CD7007958E9A}.Release|Any CPU.ActiveCfg = Release|Any CPU
		{8459F058-4B71-4D49-96BE-CD7007958E9A}.Release|Any CPU.Build.0 = Release|Any CPU
		{8459F058-4B71-4D49-96BE-CD7007958E9A}.Release|Any CPU.Deploy.0 = Release|Any CPU
		{8459F058-4B71-4D49-96BE-CD7007958E9A}.Release|iPhone.ActiveCfg = Release|Any CPU
		{8459F058-4B71-4D49-96BE-CD7007958E9A}.Release|iPhone.Build.0 = Release|Any CPU
		{8459F058-4B71-4D49-96BE-CD7007958E9A}.Release|iPhone.Deploy.0 = Release|Any CPU
		{8459F058-4B71-4D49-96BE-CD7007958E9A}.Release|iPhoneSimulator.ActiveCfg = Release|Any CPU
		{8459F058-4B71-4D49-96BE-CD7007958E9A}.Release|iPhoneSimulator.Build.0 = Release|Any CPU
		{8459F058-4B71-4D49-96BE-CD7007958E9A}.Release|iPhoneSimulator.Deploy.0 = Release|Any CPU
	EndGlobalSection
	GlobalSection(SolutionProperties) = preSolution
		HideSolutionNode = FALSE
	EndGlobalSection
	GlobalSection(ExtensibilityGlobals) = postSolution
		SolutionGuid = {0AA00E4D-784B-4A70-A823-4F14B6E8A4EB}
	EndGlobalSection
EndGlobal
